// !$*UTF8*$!
{
	archiveVersion = 1;
	classes = {
	};
	objectVersion = 50;
	objects = {

/* Begin PBXBuildFile section */
		CA14707B215352E100981CB4 /* MGGameViewController.swift in Sources */ = {isa = PBXBuildFile; fileRef = CA14707A215352E100981CB4 /* MGGameViewController.swift */; };
		CA14707E21536F2000981CB4 /* Array.swift in Sources */ = {isa = PBXBuildFile; fileRef = CA14707D21536F2000981CB4 /* Array.swift */; };
		CA1470802153727700981CB4 /* String.swift in Sources */ = {isa = PBXBuildFile; fileRef = CA14707F2153727700981CB4 /* String.swift */; };
		CA2F5FE7215330DE00892F0A /* AppDelegate.swift in Sources */ = {isa = PBXBuildFile; fileRef = CA2F5FE6215330DE00892F0A /* AppDelegate.swift */; };
		CA2F5FE9215330DE00892F0A /* MGHomeViewController.swift in Sources */ = {isa = PBXBuildFile; fileRef = CA2F5FE8215330DE00892F0A /* MGHomeViewController.swift */; };
		CA2F5FEE215330DF00892F0A /* Assets.xcassets in Resources */ = {isa = PBXBuildFile; fileRef = CA2F5FED215330DF00892F0A /* Assets.xcassets */; };
		CA2F5FFD2153357400892F0A /* MGSettingsModule.swift in Sources */ = {isa = PBXBuildFile; fileRef = CA2F5FFC2153357400892F0A /* MGSettingsModule.swift */; };
		CA2F6001215338AC00892F0A /* MGGame.swift in Sources */ = {isa = PBXBuildFile; fileRef = CA2F6000215338AC00892F0A /* MGGame.swift */; };
		CA2F600321533A3900892F0A /* MGCard.swift in Sources */ = {isa = PBXBuildFile; fileRef = CA2F600221533A3900892F0A /* MGCard.swift */; };
		CAC054CB2153AD8400145815 /* MGApiClient.swift in Sources */ = {isa = PBXBuildFile; fileRef = CAC054CA2153AD8400145815 /* MGApiClient.swift */; };
		CAC054CD2153AE7A00145815 /* MGError.swift in Sources */ = {isa = PBXBuildFile; fileRef = CAC054CC2153AE7A00145815 /* MGError.swift */; };
		CAC054CF2154179500145815 /* MGGameTypeButton.swift in Sources */ = {isa = PBXBuildFile; fileRef = CAC054CE2154179500145815 /* MGGameTypeButton.swift */; };
		CAE6B70421534C970013E606 /* MGCardViewCell.swift in Sources */ = {isa = PBXBuildFile; fileRef = CAE6B70321534C970013E606 /* MGCardViewCell.swift */; };
/* End PBXBuildFile section */

/* Begin PBXFileReference section */
		CA14707A215352E100981CB4 /* MGGameViewController.swift */ = {isa = PBXFileReference; lastKnownFileType = sourcecode.swift; path = MGGameViewController.swift; sourceTree = "<group>"; };
		CA14707D21536F2000981CB4 /* Array.swift */ = {isa = PBXFileReference; lastKnownFileType = sourcecode.swift; path = Array.swift; sourceTree = "<group>"; };
		CA14707F2153727700981CB4 /* String.swift */ = {isa = PBXFileReference; lastKnownFileType = sourcecode.swift; path = String.swift; sourceTree = "<group>"; };
		CA2F5FE3215330DE00892F0A /* MemoryGame.app */ = {isa = PBXFileReference; explicitFileType = wrapper.application; includeInIndex = 0; path = MemoryGame.app; sourceTree = BUILT_PRODUCTS_DIR; };
		CA2F5FE6215330DE00892F0A /* AppDelegate.swift */ = {isa = PBXFileReference; lastKnownFileType = sourcecode.swift; path = AppDelegate.swift; sourceTree = "<group>"; };
		CA2F5FE8215330DE00892F0A /* MGHomeViewController.swift */ = {isa = PBXFileReference; lastKnownFileType = sourcecode.swift; path = MGHomeViewController.swift; sourceTree = "<group>"; };
		CA2F5FED215330DF00892F0A /* Assets.xcassets */ = {isa = PBXFileReference; lastKnownFileType = folder.assetcatalog; path = Assets.xcassets; sourceTree = "<group>"; };
		CA2F5FF2215330DF00892F0A /* Info.plist */ = {isa = PBXFileReference; lastKnownFileType = text.plist.xml; path = Info.plist; sourceTree = "<group>"; };
		CA2F5FFC2153357400892F0A /* MGSettingsModule.swift */ = {isa = PBXFileReference; lastKnownFileType = sourcecode.swift; path = MGSettingsModule.swift; sourceTree = "<group>"; };
		CA2F6000215338AC00892F0A /* MGGame.swift */ = {isa = PBXFileReference; lastKnownFileType = sourcecode.swift; path = MGGame.swift; sourceTree = "<group>"; };
		CA2F600221533A3900892F0A /* MGCard.swift */ = {isa = PBXFileReference; lastKnownFileType = sourcecode.swift; path = MGCard.swift; sourceTree = "<group>"; };
		CAC054CA2153AD8400145815 /* MGApiClient.swift */ = {isa = PBXFileReference; lastKnownFileType = sourcecode.swift; path = MGApiClient.swift; sourceTree = "<group>"; };
		CAC054CC2153AE7A00145815 /* MGError.swift */ = {isa = PBXFileReference; lastKnownFileType = sourcecode.swift; path = MGError.swift; sourceTree = "<group>"; };
		CAC054CE2154179500145815 /* MGGameTypeButton.swift */ = {isa = PBXFileReference; lastKnownFileType = sourcecode.swift; path = MGGameTypeButton.swift; sourceTree = "<group>"; };
		CAE6B70321534C970013E606 /* MGCardViewCell.swift */ = {isa = PBXFileReference; lastKnownFileType = sourcecode.swift; path = MGCardViewCell.swift; sourceTree = "<group>"; };
/* End PBXFileReference section */

/* Begin PBXFrameworksBuildPhase section */
		CA2F5FE0215330DD00892F0A /* Frameworks */ = {
			isa = PBXFrameworksBuildPhase;
			buildActionMask = 2147483647;
			files = (
			);
			runOnlyForDeploymentPostprocessing = 0;
		};
/* End PBXFrameworksBuildPhase section */

/* Begin PBXGroup section */
		CA14707C21536ED800981CB4 /* Extensions */ = {
			isa = PBXGroup;
			children = (
				CA14707D21536F2000981CB4 /* Array.swift */,
				CA14707F2153727700981CB4 /* String.swift */,
			);
			path = Extensions;
			sourceTree = "<group>";
		};
		CA2F5FDA215330DD00892F0A = {
			isa = PBXGroup;
			children = (
				CA2F5FE5215330DE00892F0A /* MemoryGame */,
				CA2F5FE4215330DE00892F0A /* Products */,
			);
			sourceTree = "<group>";
		};
		CA2F5FE4215330DE00892F0A /* Products */ = {
			isa = PBXGroup;
			children = (
				CA2F5FE3215330DE00892F0A /* MemoryGame.app */,
			);
			name = Products;
			sourceTree = "<group>";
		};
		CA2F5FE5215330DE00892F0A /* MemoryGame */ = {
			isa = PBXGroup;
			children = (
				CAC054C92153AD4B00145815 /* Data */,
				CA14707C21536ED800981CB4 /* Extensions */,
				CAE6B70221534B640013E606 /* Views */,
				CA2F5FFF215337DA00892F0A /* Models */,
				CA2F5FFB2153355700892F0A /* Modules */,
				CA2F5FFA2153352700892F0A /* ViewControllers */,
				CA2F5FE6215330DE00892F0A /* AppDelegate.swift */,
				CA2F5FED215330DF00892F0A /* Assets.xcassets */,
				CA2F5FF2215330DF00892F0A /* Info.plist */,
			);
			path = MemoryGame;
			sourceTree = "<group>";
		};
		CA2F5FFA2153352700892F0A /* ViewControllers */ = {
			isa = PBXGroup;
			children = (
				CA2F5FE8215330DE00892F0A /* MGHomeViewController.swift */,
				CA14707A215352E100981CB4 /* MGGameViewController.swift */,
			);
			path = ViewControllers;
			sourceTree = "<group>";
		};
		CA2F5FFB2153355700892F0A /* Modules */ = {
			isa = PBXGroup;
			children = (
				CA2F5FFC2153357400892F0A /* MGSettingsModule.swift */,
			);
			path = Modules;
			sourceTree = "<group>";
		};
		CA2F5FFF215337DA00892F0A /* Models */ = {
			isa = PBXGroup;
			children = (
				CA2F6000215338AC00892F0A /* MGGame.swift */,
				CA2F600221533A3900892F0A /* MGCard.swift */,
			);
			path = Models;
			sourceTree = "<group>";
		};
		CAC054C92153AD4B00145815 /* Data */ = {
			isa = PBXGroup;
			children = (
				CAC054CA2153AD8400145815 /* MGApiClient.swift */,
				CAC054CC2153AE7A00145815 /* MGError.swift */,
			);
			path = Data;
			sourceTree = "<group>";
		};
		CAE6B70221534B640013E606 /* Views */ = {
			isa = PBXGroup;
			children = (
				CAE6B70321534C970013E606 /* MGCardViewCell.swift */,
				CAC054CE2154179500145815 /* MGGameTypeButton.swift */,
			);
			path = Views;
			sourceTree = "<group>";
		};
/* End PBXGroup section */

/* Begin PBXNativeTarget section */
		CA2F5FE2215330DD00892F0A /* MemoryGame */ = {
			isa = PBXNativeTarget;
			buildConfigurationList = CA2F5FF5215330DF00892F0A /* Build configuration list for PBXNativeTarget "MemoryGame" */;
			buildPhases = (
				CA2F5FDF215330DD00892F0A /* Sources */,
				CA2F5FE0215330DD00892F0A /* Frameworks */,
				CA2F5FE1215330DD00892F0A /* Resources */,
			);
			buildRules = (
			);
			dependencies = (
			);
			name = MemoryGame;
			productName = MemoryGame;
			productReference = CA2F5FE3215330DE00892F0A /* MemoryGame.app */;
			productType = "com.apple.product-type.application";
		};
/* End PBXNativeTarget section */

/* Begin PBXProject section */
		CA2F5FDB215330DD00892F0A /* Project object */ = {
			isa = PBXProject;
			attributes = {
				LastSwiftUpdateCheck = 0940;
				LastUpgradeCheck = 0940;
				ORGANIZATIONNAME = interview;
				TargetAttributes = {
					CA2F5FE2215330DD00892F0A = {
						CreatedOnToolsVersion = 9.4.1;
					};
				};
			};
			buildConfigurationList = CA2F5FDE215330DD00892F0A /* Build configuration list for PBXProject "MemoryGame" */;
			compatibilityVersion = "Xcode 9.3";
			developmentRegion = en;
			hasScannedForEncodings = 0;
			knownRegions = (
				en,
				Base,
			);
			mainGroup = CA2F5FDA215330DD00892F0A;
			productRefGroup = CA2F5FE4215330DE00892F0A /* Products */;
			projectDirPath = "";
			projectRoot = "";
			targets = (
				CA2F5FE2215330DD00892F0A /* MemoryGame */,
			);
		};
/* End PBXProject section */

/* Begin PBXResourcesBuildPhase section */
		CA2F5FE1215330DD00892F0A /* Resources */ = {
			isa = PBXResourcesBuildPhase;
			buildActionMask = 2147483647;
			files = (
				CA2F5FEE215330DF00892F0A /* Assets.xcassets in Resources */,
			);
			runOnlyForDeploymentPostprocessing = 0;
		};
/* End PBXResourcesBuildPhase section */

/* Begin PBXSourcesBuildPhase section */
		CA2F5FDF215330DD00892F0A /* Sources */ = {
			isa = PBXSourcesBuildPhase;
			buildActionMask = 2147483647;
			files = (
				CA2F600321533A3900892F0A /* MGCard.swift in Sources */,
				CA2F5FFD2153357400892F0A /* MGSettingsModule.swift in Sources */,
				CAC054CD2153AE7A00145815 /* MGError.swift in Sources */,
				CAE6B70421534C970013E606 /* MGCardViewCell.swift in Sources */,
				CA1470802153727700981CB4 /* String.swift in Sources */,
				CA14707B215352E100981CB4 /* MGGameViewController.swift in Sources */,
				CA2F6001215338AC00892F0A /* MGGame.swift in Sources */,
				CA14707E21536F2000981CB4 /* Array.swift in Sources */,
				CAC054CB2153AD8400145815 /* MGApiClient.swift in Sources */,
				CAC054CF2154179500145815 /* MGGameTypeButton.swift in Sources */,
				CA2F5FE9215330DE00892F0A /* MGHomeViewController.swift in Sources */,
				CA2F5FE7215330DE00892F0A /* AppDelegate.swift in Sources */,
			);
			runOnlyForDeploymentPostprocessing = 0;
		};
/* End PBXSourcesBuildPhase section */

/* Begin XCBuildConfiguration section */
		CA2F5FF3215330DF00892F0A /* Debug */ = {
			isa = XCBuildConfiguration;
			buildSettings = {
				ALWAYS_SEARCH_USER_PATHS = NO;
				CLANG_ANALYZER_NONNULL = YES;
				CLANG_ANALYZER_NUMBER_OBJECT_CONVERSION = YES_AGGRESSIVE;
				CLANG_CXX_LANGUAGE_STANDARD = "gnu++14";
				CLANG_CXX_LIBRARY = "libc++";
				CLANG_ENABLE_MODULES = YES;
				CLANG_ENABLE_OBJC_ARC = YES;
				CLANG_ENABLE_OBJC_WEAK = YES;
				CLANG_WARN_BLOCK_CAPTURE_AUTORELEASING = YES;
				CLANG_WARN_BOOL_CONVERSION = YES;
				CLANG_WARN_COMMA = YES;
				CLANG_WARN_CONSTANT_CONVERSION = YES;
				CLANG_WARN_DEPRECATED_OBJC_IMPLEMENTATIONS = YES;
				CLANG_WARN_DIRECT_OBJC_ISA_USAGE = YES_ERROR;
				CLANG_WARN_DOCUMENTATION_COMMENTS = YES;
				CLANG_WARN_EMPTY_BODY = YES;
				CLANG_WARN_ENUM_CONVERSION = YES;
				CLANG_WARN_INFINITE_RECURSION = YES;
				CLANG_WARN_INT_CONVERSION = YES;
				CLANG_WARN_NON_LITERAL_NULL_CONVERSION = YES;
				CLANG_WARN_OBJC_IMPLICIT_RETAIN_SELF = YES;
				CLANG_WARN_OBJC_LITERAL_CONVERSION = YES;
				CLANG_WARN_OBJC_ROOT_CLASS = YES_ERROR;
				CLANG_WARN_RANGE_LOOP_ANALYSIS = YES;
				CLANG_WARN_STRICT_PROTOTYPES = YES;
				CLANG_WARN_SUSPICIOUS_MOVE = YES;
				CLANG_WARN_UNGUARDED_AVAILABILITY = YES_AGGRESSIVE;
				CLANG_WARN_UNREACHABLE_CODE = YES;
				CLANG_WARN__DUPLICATE_METHOD_MATCH = YES;
				CODE_SIGN_IDENTITY = "iPhone Developer";
				COPY_PHASE_STRIP = NO;
				DEBUG_INFORMATION_FORMAT = dwarf;
				ENABLE_STRICT_OBJC_MSGSEND = YES;
				ENABLE_TESTABILITY = YES;
				GCC_C_LANGUAGE_STANDARD = gnu11;
				GCC_DYNAMIC_NO_PIC = NO;
				GCC_NO_COMMON_BLOCKS = YES;
				GCC_OPTIMIZATION_LEVEL = 0;
				GCC_PREPROCESSOR_DEFINITIONS = (
					"DEBUG=1",
					"$(inherited)",
				);
				GCC_WARN_64_TO_32_BIT_CONVERSION = YES;
				GCC_WARN_ABOUT_RETURN_TYPE = YES_ERROR;
				GCC_WARN_UNDECLARED_SELECTOR = YES;
				GCC_WARN_UNINITIALIZED_AUTOS = YES_AGGRESSIVE;
				GCC_WARN_UNUSED_FUNCTION = YES;
				GCC_WARN_UNUSED_VARIABLE = YES;
				IPHONEOS_DEPLOYMENT_TARGET = 11.4;
				MTL_ENABLE_DEBUG_INFO = YES;
				ONLY_ACTIVE_ARCH = YES;
				SDKROOT = iphoneos;
				SWIFT_ACTIVE_COMPILATION_CONDITIONS = DEBUG;
				SWIFT_OPTIMIZATION_LEVEL = "-Onone";
			};
			name = Debug;
		};
		CA2F5FF4215330DF00892F0A /* Release */ = {
			isa = XCBuildConfiguration;
			buildSettings = {
				ALWAYS_SEARCH_USER_PATHS = NO;
				CLANG_ANALYZER_NONNULL = YES;
				CLANG_ANALYZER_NUMBER_OBJECT_CONVERSION = YES_AGGRESSIVE;
				CLANG_CXX_LANGUAGE_STANDARD = "gnu++14";
				CLANG_CXX_LIBRARY = "libc++";
				CLANG_ENABLE_MODULES = YES;
				CLANG_ENABLE_OBJC_ARC = YES;
				CLANG_ENABLE_OBJC_WEAK = YES;
				CLANG_WARN_BLOCK_CAPTURE_AUTORELEASING = YES;
				CLANG_WARN_BOOL_CONVERSION = YES;
				CLANG_WARN_COMMA = YES;
				CLANG_WARN_CONSTANT_CONVERSION = YES;
				CLANG_WARN_DEPRECATED_OBJC_IMPLEMENTATIONS = YES;
				CLANG_WARN_DIRECT_OBJC_ISA_USAGE = YES_ERROR;
				CLANG_WARN_DOCUMENTATION_COMMENTS = YES;
				CLANG_WARN_EMPTY_BODY = YES;
				CLANG_WARN_ENUM_CONVERSION = YES;
				CLANG_WARN_INFINITE_RECURSION = YES;
				CLANG_WARN_INT_CONVERSION = YES;
				CLANG_WARN_NON_LITERAL_NULL_CONVERSION = YES;
				CLANG_WARN_OBJC_IMPLICIT_RETAIN_SELF = YES;
				CLANG_WARN_OBJC_LITERAL_CONVERSION = YES;
				CLANG_WARN_OBJC_ROOT_CLASS = YES_ERROR;
				CLANG_WARN_RANGE_LOOP_ANALYSIS = YES;
				CLANG_WARN_STRICT_PROTOTYPES = YES;
				CLANG_WARN_SUSPICIOUS_MOVE = YES;
				CLANG_WARN_UNGUARDED_AVAILABILITY = YES_AGGRESSIVE;
				CLANG_WARN_UNREACHABLE_CODE = YES;
				CLANG_WARN__DUPLICATE_METHOD_MATCH = YES;
				CODE_SIGN_IDENTITY = "iPhone Developer";
				COPY_PHASE_STRIP = NO;
				DEBUG_INFORMATION_FORMAT = "dwarf-with-dsym";
				ENABLE_NS_ASSERTIONS = NO;
				ENABLE_STRICT_OBJC_MSGSEND = YES;
				GCC_C_LANGUAGE_STANDARD = gnu11;
				GCC_NO_COMMON_BLOCKS = YES;
				GCC_WARN_64_TO_32_BIT_CONVERSION = YES;
				GCC_WARN_ABOUT_RETURN_TYPE = YES_ERROR;
				GCC_WARN_UNDECLARED_SELECTOR = YES;
				GCC_WARN_UNINITIALIZED_AUTOS = YES_AGGRESSIVE;
				GCC_WARN_UNUSED_FUNCTION = YES;
				GCC_WARN_UNUSED_VARIABLE = YES;
				IPHONEOS_DEPLOYMENT_TARGET = 11.4;
				MTL_ENABLE_DEBUG_INFO = NO;
				SDKROOT = iphoneos;
				SWIFT_COMPILATION_MODE = wholemodule;
				SWIFT_OPTIMIZATION_LEVEL = "-O";
				VALIDATE_PRODUCT = YES;
			};
			name = Release;
		};
		CA2F5FF6215330DF00892F0A /* Debug */ = {
			isa = XCBuildConfiguration;
			buildSettings = {
				ASSETCATALOG_COMPILER_APPICON_NAME = AppIcon;
				CODE_SIGN_STYLE = Automatic;
				DEVELOPMENT_TEAM = F5QXTM7T54;
				INFOPLIST_FILE = MemoryGame/Info.plist;
				LD_RUNPATH_SEARCH_PATHS = (
					"$(inherited)",
					"@executable_path/Frameworks",
				);
				PRODUCT_BUNDLE_IDENTIFIER = com.interview.MemoryGame;
				PRODUCT_NAME = "$(TARGET_NAME)";
				SWIFT_VERSION = 4.0;
				TARGETED_DEVICE_FAMILY = "1,2";
			};
			name = Debug;
		};
		CA2F5FF7215330DF00892F0A /* Release */ = {
			isa = XCBuildConfiguration;
			buildSettings = {
				ASSETCATALOG_COMPILER_APPICON_NAME = AppIcon;
				CODE_SIGN_STYLE = Automatic;
				DEVELOPMENT_TEAM = F5QXTM7T54;
				INFOPLIST_FILE = MemoryGame/Info.plist;
				LD_RUNPATH_SEARCH_PATHS = (
					"$(inherited)",
					"@executable_path/Frameworks",
				);
				PRODUCT_BUNDLE_IDENTIFIER = com.interview.MemoryGame;
				PRODUCT_NAME = "$(TARGET_NAME)";
				SWIFT_VERSION = 4.0;
				TARGETED_DEVICE_FAMILY = "1,2";
			};
			name = Release;
		};
/* End XCBuildConfiguration section */

/* Begin XCConfigurationList section */
		CA2F5FDE215330DD00892F0A /* Build configuration list for PBXProject "MemoryGame" */ = {
			isa = XCConfigurationList;
			buildConfigurations = (
				CA2F5FF3215330DF00892F0A /* Debug */,
				CA2F5FF4215330DF00892F0A /* Release */,
			);
			defaultConfigurationIsVisible = 0;
			defaultConfigurationName = Release;
		};
		CA2F5FF5215330DF00892F0A /* Build configuration list for PBXNativeTarget "MemoryGame" */ = {
			isa = XCConfigurationList;
			buildConfigurations = (
				CA2F5FF6215330DF00892F0A /* Debug */,
				CA2F5FF7215330DF00892F0A /* Release */,
			);
			defaultConfigurationIsVisible = 0;
			defaultConfigurationName = Release;
		};
/* End XCConfigurationList section */
	};
	rootObject = CA2F5FDB215330DD00892F0A /* Project object */;
}
